
Microsoft Visual Studio Solution File, Format Version 12.00
# Visual Studio Version 16
VisualStudioVersion = 16.0.31424.327
MinimumVisualStudioVersion = 10.0.40219.1
Project("{FAE04EC0-301F-11D3-BF4B-00C04F79EFBC}") = "Veeam.ProcessMonitor", "Veeam.ProcessMonitor\Veeam.ProcessMonitor.csproj", "{2A5E95B2-142B-46DF-B904-65240B67900D}"
EndProject
Global
	GlobalSection(SolutionConfigurationPlatforms) = preSolution
		Debug|Any CPU = Debug|Any CPU
		Release|Any CPU = Release|Any CPU
	EndGlobalSection
	GlobalSection(ProjectConfigurationPlatforms) = postSolution
		{2A5E95B2-142B-46DF-B904-65240B67900D}.Debug|Any CPU.ActiveCfg = Debug|Any CPU
		{2A5E95B2-142B-46DF-B904-65240B67900D}.Debug|Any CPU.Build.0 = Debug|Any CPU
		{2A5E95B2-142B-46DF-B904-65240B67900D}.Release|Any CPU.ActiveCfg = Release|Any CPU
		{2A5E95B2-142B-46DF-B904-65240B67900D}.Release|Any CPU.Build.0 = Release|Any CPU
	EndGlobalSection
	GlobalSection(SolutionProperties) = preSolution
		HideSolutionNode = FALSE
	EndGlobalSection
	GlobalSection(ExtensibilityGlobals) = postSolution
		SolutionGuid = {22B1058B-8F96-4694-8532-BCFBE4C0292C}
	EndGlobalSection
EndGlobal
